// !$*UTF8*$!
{
	archiveVersion = 1;
	classes = {
	};
	objectVersion = 46;
	objects = {

/* Begin PBXBuildFile section */
		FD0EC6571C88175B00354E9F /* main.m in Sources */ = {isa = PBXBuildFile; fileRef = FD0EC6561C88175B00354E9F /* main.m */; };
		FD0EC65A1C88175B00354E9F /* AppDelegate.m in Sources */ = {isa = PBXBuildFile; fileRef = FD0EC6591C88175B00354E9F /* AppDelegate.m */; };
		FD0EC65D1C88175B00354E9F /* ViewController.m in Sources */ = {isa = PBXBuildFile; fileRef = FD0EC65C1C88175B00354E9F /* ViewController.m */; };
		FD0EC6601C88175B00354E9F /* Main.storyboard in Resources */ = {isa = PBXBuildFile; fileRef = FD0EC65E1C88175B00354E9F /* Main.storyboard */; };
		FD0EC6621C88175B00354E9F /* Assets.xcassets in Resources */ = {isa = PBXBuildFile; fileRef = FD0EC6611C88175B00354E9F /* Assets.xcassets */; };
		FD0EC6651C88175B00354E9F /* LaunchScreen.storyboard in Resources */ = {isa = PBXBuildFile; fileRef = FD0EC6631C88175B00354E9F /* LaunchScreen.storyboard */; };
/* End PBXBuildFile section */

/* Begin PBXFileReference section */
		FD0EC6521C88175B00354E9F /* RandomColorization.app */ = {isa = PBXFileReference; explicitFileType = wrapper.application; includeInIndex = 0; path = RandomColorization.app; sourceTree = BUILT_PRODUCTS_DIR; };
		FD0EC6561C88175B00354E9F /* main.m */ = {isa = PBXFileReference; lastKnownFileType = sourcecode.c.objc; path = main.m; sourceTree = "<group>"; };
		FD0EC6581C88175B00354E9F /* AppDelegate.h */ = {isa = PBXFileReference; lastKnownFileType = sourcecode.c.h; path = AppDelegate.h; sourceTree = "<group>"; };
		FD0EC6591C88175B00354E9F /* AppDelegate.m */ = {isa = PBXFileReference; lastKnownFileType = sourcecode.c.objc; path = AppDelegate.m; sourceTree = "<group>"; };
		FD0EC65B1C88175B00354E9F /* ViewController.h */ = {isa = PBXFileReference; lastKnownFileType = sourcecode.c.h; path = ViewController.h; sourceTree = "<group>"; };
		FD0EC65C1C88175B00354E9F /* ViewController.m */ = {isa = PBXFileReference; lastKnownFileType = sourcecode.c.objc; path = ViewController.m; sourceTree = "<group>"; };
		FD0EC65F1C88175B00354E9F /* Base */ = {isa = PBXFileReference; lastKnownFileType = file.storyboard; name = Base; path = Base.lproj/Main.storyboard; sourceTree = "<group>"; };
		FD0EC6611C88175B00354E9F /* Assets.xcassets */ = {isa = PBXFileReference; lastKnownFileType = folder.assetcatalog; path = Assets.xcassets; sourceTree = "<group>"; };
		FD0EC6641C88175B00354E9F /* Base */ = {isa = PBXFileReference; lastKnownFileType = file.storyboard; name = Base; path = Base.lproj/LaunchScreen.storyboard; sourceTree = "<group>"; };
		FD0EC6661C88175B00354E9F /* Info.plist */ = {isa = PBXFileReference; lastKnownFileType = text.plist.xml; path = Info.plist; sourceTree = "<group>"; };
/* End PBXFileReference section */

/* Begin PBXFrameworksBuildPhase section */
		FD0EC64F1C88175B00354E9F /* Frameworks */ = {
			isa = PBXFrameworksBuildPhase;
			buildActionMask = 2147483647;
			files = (
			);
			runOnlyForDeploymentPostprocessing = 0;
		};
/* End PBXFrameworksBuildPhase section */

/* Begin PBXGroup section */
		FD0EC6491C88175B00354E9F = {
			isa = PBXGroup;
			children = (
				FD0EC6541C88175B00354E9F /* RandomColorization */,
				FD0EC6531C88175B00354E9F /* Products */,
			);
			sourceTree = "<group>";
		};
		FD0EC6531C88175B00354E9F /* Products */ = {
			isa = PBXGroup;
			children = (
				FD0EC6521C88175B00354E9F /* RandomColorization.app */,
			);
			name = Products;
			sourceTree = "<group>";
		};
		FD0EC6541C88175B00354E9F /* RandomColorization */ = {
			isa = PBXGroup;
			children = (
				FD0EC6581C88175B00354E9F /* AppDelegate.h */,
				FD0EC6591C88175B00354E9F /* AppDelegate.m */,
				FD0EC65B1C88175B00354E9F /* ViewController.h */,
				FD0EC65C1C88175B00354E9F /* ViewController.m */,
				FD0EC65E1C88175B00354E9F /* Main.storyboard */,
				FD0EC6611C88175B00354E9F /* Assets.xcassets */,
				FD0EC6631C88175B00354E9F /* LaunchScreen.storyboard */,
				FD0EC6661C88175B00354E9F /* Info.plist */,
				FD0EC6551C88175B00354E9F /* Supporting Files */,
			);
			path = RandomColorization;
			sourceTree = "<group>";
		};
		FD0EC6551C88175B00354E9F /* Supporting Files */ = {
			isa = PBXGroup;
			children = (
				FD0EC6561C88175B00354E9F /* main.m */,
			);
			name = "Supporting Files";
			sourceTree = "<group>";
		};
/* End PBXGroup section */

/* Begin PBXNativeTarget section */
		FD0EC6511C88175B00354E9F /* RandomColorization */ = {
			isa = PBXNativeTarget;
			buildConfigurationList = FD0EC6691C88175B00354E9F /* Build configuration list for PBXNativeTarget "RandomColorization" */;
			buildPhases = (
				FD0EC64E1C88175B00354E9F /* Sources */,
				FD0EC64F1C88175B00354E9F /* Frameworks */,
				FD0EC6501C88175B00354E9F /* Resources */,
			);
			buildRules = (
			);
			dependencies = (
			);
			name = RandomColorization;
			productName = RandomColorization;
			productReference = FD0EC6521C88175B00354E9F /* RandomColorization.app */;
			productType = "com.apple.product-type.application";
		};
/* End PBXNativeTarget section */

/* Begin PBXProject section */
		FD0EC64A1C88175B00354E9F /* Project object */ = {
			isa = PBXProject;
			attributes = {
				LastUpgradeCheck = 0720;
				ORGANIZATIONNAME = thanksdanny;
				TargetAttributes = {
					FD0EC6511C88175B00354E9F = {
						CreatedOnToolsVersion = 7.2.1;
					};
				};
			};
			buildConfigurationList = FD0EC64D1C88175B00354E9F /* Build configuration list for PBXProject "RandomColorization" */;
			compatibilityVersion = "Xcode 3.2";
			developmentRegion = English;
			hasScannedForEncodings = 0;
			knownRegions = (
				en,
				Base,
			);
			mainGroup = FD0EC6491C88175B00354E9F;
			productRefGroup = FD0EC6531C88175B00354E9F /* Products */;
			projectDirPath = "";
			projectRoot = "";
			targets = (
				FD0EC6511C88175B00354E9F /* RandomColorization */,
			);
		};
/* End PBXProject section */

/* Begin PBXResourcesBuildPhase section */
		FD0EC6501C88175B00354E9F /* Resources */ = {
			isa = PBXResourcesBuildPhase;
			buildActionMask = 2147483647;
			files = (
				FD0EC6651C88175B00354E9F /* LaunchScreen.storyboard in Resources */,
				FD0EC6621C88175B00354E9F /* Assets.xcassets in Resources */,
				FD0EC6601C88175B00354E9F /* Main.storyboard in Resources */,
			);
			runOnlyForDeploymentPostprocessing = 0;
		};
/* End PBXResourcesBuildPhase section */

/* Begin PBXSourcesBuildPhase section */
		FD0EC64E1C88175B00354E9F /* Sources */ = {
			isa = PBXSourcesBuildPhase;
			buildActionMask = 2147483647;
			files = (
				FD0EC65D1C88175B00354E9F /* ViewController.m in Sources */,
				FD0EC65A1C88175B00354E9F /* AppDelegate.m in Sources */,
				FD0EC6571C88175B00354E9F /* main.m in Sources */,
			);
			runOnlyForDeploymentPostprocessing = 0;
		};
/* End PBXSourcesBuildPhase section */

/* Begin PBXVariantGroup section */
		FD0EC65E1C88175B00354E9F /* Main.storyboard */ = {
			isa = PBXVariantGroup;
			children = (
				FD0EC65F1C88175B00354E9F /* Base */,
			);
			name = Main.storyboard;
			sourceTree = "<group>";
		};
		FD0EC6631C88175B00354E9F /* LaunchScreen.storyboard */ = {
			isa = PBXVariantGroup;
			children = (
				FD0EC6641C88175B00354E9F /* Base */,
			);
			name = LaunchScreen.storyboard;
			sourceTree = "<group>";
		};
/* End PBXVariantGroup section */

/* Begin XCBuildConfiguration section */
		FD0EC6671C88175B00354E9F /* Debug */ = {
			isa = XCBuildConfiguration;
			buildSettings = {
				ALWAYS_SEARCH_USER_PATHS = NO;
				CLANG_CXX_LANGUAGE_STANDARD = "gnu++0x";
				CLANG_CXX_LIBRARY = "libc++";
				CLANG_ENABLE_MODULES = YES;
				CLANG_ENABLE_OBJC_ARC = YES;
				CLANG_WARN_BOOL_CONVERSION = YES;
				CLANG_WARN_CONSTANT_CONVERSION = YES;
				CLANG_WARN_DIRECT_OBJC_ISA_USAGE = YES_ERROR;
				CLANG_WARN_EMPTY_BODY = YES;
				CLANG_WARN_ENUM_CONVERSION = YES;
				CLANG_WARN_INT_CONVERSION = YES;
				CLANG_WARN_OBJC_ROOT_CLASS = YES_ERROR;
				CLANG_WARN_UNREACHABLE_CODE = YES;
				CLANG_WARN__DUPLICATE_METHOD_MATCH = YES;
				"CODE_SIGN_IDENTITY[sdk=iphoneos*]" = "iPhone Developer";
				COPY_PHASE_STRIP = NO;
				DEBUG_INFORMATION_FORMAT = dwarf;
				ENABLE_STRICT_OBJC_MSGSEND = YES;
				ENABLE_TESTABILITY = YES;
				GCC_C_LANGUAGE_STANDARD = gnu99;
				GCC_DYNAMIC_NO_PIC = NO;
				GCC_NO_COMMON_BLOCKS = YES;
				GCC_OPTIMIZATION_LEVEL = 0;
				GCC_PREPROCESSOR_DEFINITIONS = (
					"DEBUG=1",
					"$(inherited)",
				);
				GCC_WARN_64_TO_32_BIT_CONVERSION = YES;
				GCC_WARN_ABOUT_RETURN_TYPE = YES_ERROR;
				GCC_WARN_UNDECLARED_SELECTOR = YES;
				GCC_WARN_UNINITIALIZED_AUTOS = YES_AGGRESSIVE;
				GCC_WARN_UNUSED_FUNCTION = YES;
				GCC_WARN_UNUSED_VARIABLE = YES;
				IPHONEOS_DEPLOYMENT_TARGET = 9.2;
				MTL_ENABLE_DEBUG_INFO = YES;
				ONLY_ACTIVE_ARCH = YES;
				SDKROOT = iphoneos;
			};
			name = Debug;
		};
		FD0EC6681C88175B00354E9F /* Release */ = {
			isa = XCBuildConfiguration;
			buildSettings = {
				ALWAYS_SEARCH_USER_PATHS = NO;
				CLANG_CXX_LANGUAGE_STANDARD = "gnu++0x";
				CLANG_CXX_LIBRARY = "libc++";
				CLANG_ENABLE_MODULES = YES;
				CLANG_ENABLE_OBJC_ARC = YES;
				CLANG_WARN_BOOL_CONVERSION = YES;
				CLANG_WARN_CONSTANT_CONVERSION = YES;
				CLANG_WARN_DIRECT_OBJC_ISA_USAGE = YES_ERROR;
				CLANG_WARN_EMPTY_BODY = YES;
				CLANG_WARN_ENUM_CONVERSION = YES;
				CLANG_WARN_INT_CONVERSION = YES;
				CLANG_WARN_OBJC_ROOT_CLASS = YES_ERROR;
				CLANG_WARN_UNREACHABLE_CODE = YES;
				CLANG_WARN__DUPLICATE_METHOD_MATCH = YES;
				"CODE_SIGN_IDENTITY[sdk=iphoneos*]" = "iPhone Developer";
				COPY_PHASE_STRIP = NO;
				DEBUG_INFORMATION_FORMAT = "dwarf-with-dsym";
				ENABLE_NS_ASSERTIONS = NO;
				ENABLE_STRICT_OBJC_MSGSEND = YES;
				GCC_C_LANGUAGE_STANDARD = gnu99;
				GCC_NO_COMMON_BLOCKS = YES;
				GCC_WARN_64_TO_32_BIT_CONVERSION = YES;
				GCC_WARN_ABOUT_RETURN_TYPE = YES_ERROR;
				GCC_WARN_UNDECLARED_SELECTOR = YES;
				GCC_WARN_UNINITIALIZED_AUTOS = YES_AGGRESSIVE;
				GCC_WARN_UNUSED_FUNCTION = YES;
				GCC_WARN_UNUSED_VARIABLE = YES;
				IPHONEOS_DEPLOYMENT_TARGET = 9.2;
				MTL_ENABLE_DEBUG_INFO = NO;
				SDKROOT = iphoneos;
				VALIDATE_PRODUCT = YES;
			};
			name = Release;
		};
		FD0EC66A1C88175B00354E9F /* Debug */ = {
			isa = XCBuildConfiguration;
			buildSettings = {
				ASSETCATALOG_COMPILER_APPICON_NAME = AppIcon;
				INFOPLIST_FILE = RandomColorization/Info.plist;
				LD_RUNPATH_SEARCH_PATHS = "$(inherited) @executable_path/Frameworks";
				PRODUCT_BUNDLE_IDENTIFIER = com.thanksdanny.RandomColorization;
				PRODUCT_NAME = "$(TARGET_NAME)";
			};
			name = Debug;
		};
		FD0EC66B1C88175B00354E9F /* Release */ = {
			isa = XCBuildConfiguration;
			buildSettings = {
				ASSETCATALOG_COMPILER_APPICON_NAME = AppIcon;
				INFOPLIST_FILE = RandomColorization/Info.plist;
				LD_RUNPATH_SEARCH_PATHS = "$(inherited) @executable_path/Frameworks";
				PRODUCT_BUNDLE_IDENTIFIER = com.thanksdanny.RandomColorization;
				PRODUCT_NAME = "$(TARGET_NAME)";
			};
			name = Release;
		};
/* End XCBuildConfiguration section */

/* Begin XCConfigurationList section */
		FD0EC64D1C88175B00354E9F /* Build configuration list for PBXProject "RandomColorization" */ = {
			isa = XCConfigurationList;
			buildConfigurations = (
				FD0EC6671C88175B00354E9F /* Debug */,
				FD0EC6681C88175B00354E9F /* Release */,
			);
			defaultConfigurationIsVisible = 0;
			defaultConfigurationName = Release;
		};
		FD0EC6691C88175B00354E9F /* Build configuration list for PBXNativeTarget "RandomColorization" */ = {
			isa = XCConfigurationList;
			buildConfigurations = (
				FD0EC66A1C88175B00354E9F /* Debug */,
				FD0EC66B1C88175B00354E9F /* Release */,
			);
			defaultConfigurationIsVisible = 0;
		};
/* End XCConfigurationList section */
	};
	rootObject = FD0EC64A1C88175B00354E9F /* Project object */;
}
